// !$*UTF8*$!
{
	archiveVersion = 1;
	classes = {
	};
	objectVersion = 48;
	objects = {

/* Begin PBXBuildFile section */
		83692E832193A2AA00B49BE2 /* AppDelegate.swift in Sources */ = {isa = PBXBuildFile; fileRef = 83692E822193A2AA00B49BE2 /* AppDelegate.swift */; };
		83692E882193A2AA00B49BE2 /* Main.storyboard in Resources */ = {isa = PBXBuildFile; fileRef = 83692E862193A2AA00B49BE2 /* Main.storyboard */; };
		83692E8A2193A2AA00B49BE2 /* Assets.xcassets in Resources */ = {isa = PBXBuildFile; fileRef = 83692E892193A2AA00B49BE2 /* Assets.xcassets */; };
		83692E8D2193A2AA00B49BE2 /* LaunchScreen.storyboard in Resources */ = {isa = PBXBuildFile; fileRef = 83692E8B2193A2AA00B49BE2 /* LaunchScreen.storyboard */; };
		83692E952193A6C800B49BE2 /* TodayViewController.swift in Sources */ = {isa = PBXBuildFile; fileRef = 83692E942193A6C800B49BE2 /* TodayViewController.swift */; };
		83692E972193A6DD00B49BE2 /* HealthViewController.swift in Sources */ = {isa = PBXBuildFile; fileRef = 83692E962193A6DD00B49BE2 /* HealthViewController.swift */; };
		83692E992193A6EF00B49BE2 /* MedicalViewController.swift in Sources */ = {isa = PBXBuildFile; fileRef = 83692E982193A6EF00B49BE2 /* MedicalViewController.swift */; };
		83692E9B2193A70500B49BE2 /* SourceViewController.swift in Sources */ = {isa = PBXBuildFile; fileRef = 83692E9A2193A70500B49BE2 /* SourceViewController.swift */; };
/* End PBXBuildFile section */

/* Begin PBXFileReference section */
		83692E7F2193A2AA00B49BE2 /* tabpar.app */ = {isa = PBXFileReference; explicitFileType = wrapper.application; includeInIndex = 0; path = tabpar.app; sourceTree = BUILT_PRODUCTS_DIR; };
		83692E822193A2AA00B49BE2 /* AppDelegate.swift */ = {isa = PBXFileReference; lastKnownFileType = sourcecode.swift; path = AppDelegate.swift; sourceTree = "<group>"; };
		83692E872193A2AA00B49BE2 /* Base */ = {isa = PBXFileReference; lastKnownFileType = file.storyboard; name = Base; path = Base.lproj/Main.storyboard; sourceTree = "<group>"; };
		83692E892193A2AA00B49BE2 /* Assets.xcassets */ = {isa = PBXFileReference; lastKnownFileType = folder.assetcatalog; path = Assets.xcassets; sourceTree = "<group>"; };
		83692E8C2193A2AA00B49BE2 /* Base */ = {isa = PBXFileReference; lastKnownFileType = file.storyboard; name = Base; path = Base.lproj/LaunchScreen.storyboard; sourceTree = "<group>"; };
		83692E8E2193A2AA00B49BE2 /* Info.plist */ = {isa = PBXFileReference; lastKnownFileType = text.plist.xml; path = Info.plist; sourceTree = "<group>"; };
		83692E942193A6C800B49BE2 /* TodayViewController.swift */ = {isa = PBXFileReference; lastKnownFileType = sourcecode.swift; path = TodayViewController.swift; sourceTree = "<group>"; };
		83692E962193A6DD00B49BE2 /* HealthViewController.swift */ = {isa = PBXFileReference; lastKnownFileType = sourcecode.swift; path = HealthViewController.swift; sourceTree = "<group>"; };
		83692E982193A6EF00B49BE2 /* MedicalViewController.swift */ = {isa = PBXFileReference; lastKnownFileType = sourcecode.swift; path = MedicalViewController.swift; sourceTree = "<group>"; };
		83692E9A2193A70500B49BE2 /* SourceViewController.swift */ = {isa = PBXFileReference; lastKnownFileType = sourcecode.swift; path = SourceViewController.swift; sourceTree = "<group>"; };
/* End PBXFileReference section */

/* Begin PBXFrameworksBuildPhase section */
		83692E7C2193A2AA00B49BE2 /* Frameworks */ = {
			isa = PBXFrameworksBuildPhase;
			buildActionMask = 2147483647;
			files = (
			);
			runOnlyForDeploymentPostprocessing = 0;
		};
/* End PBXFrameworksBuildPhase section */

/* Begin PBXGroup section */
		83692E762193A2A900B49BE2 = {
			isa = PBXGroup;
			children = (
				83692E812193A2AA00B49BE2 /* tabpar */,
				83692E802193A2AA00B49BE2 /* Products */,
			);
			sourceTree = "<group>";
		};
		83692E802193A2AA00B49BE2 /* Products */ = {
			isa = PBXGroup;
			children = (
				83692E7F2193A2AA00B49BE2 /* tabpar.app */,
			);
			name = Products;
			sourceTree = "<group>";
		};
		83692E812193A2AA00B49BE2 /* tabpar */ = {
			isa = PBXGroup;
			children = (
				83692E822193A2AA00B49BE2 /* AppDelegate.swift */,
				83692E862193A2AA00B49BE2 /* Main.storyboard */,
				83692E892193A2AA00B49BE2 /* Assets.xcassets */,
				83692E8B2193A2AA00B49BE2 /* LaunchScreen.storyboard */,
				83692E8E2193A2AA00B49BE2 /* Info.plist */,
				83692E942193A6C800B49BE2 /* TodayViewController.swift */,
				83692E962193A6DD00B49BE2 /* HealthViewController.swift */,
				83692E982193A6EF00B49BE2 /* MedicalViewController.swift */,
				83692E9A2193A70500B49BE2 /* SourceViewController.swift */,
			);
			path = tabpar;
			sourceTree = "<group>";
		};
/* End PBXGroup section */

/* Begin PBXNativeTarget section */
		83692E7E2193A2AA00B49BE2 /* tabpar */ = {
			isa = PBXNativeTarget;
			buildConfigurationList = 83692E912193A2AA00B49BE2 /* Build configuration list for PBXNativeTarget "tabpar" */;
			buildPhases = (
				83692E7B2193A2AA00B49BE2 /* Sources */,
				83692E7C2193A2AA00B49BE2 /* Frameworks */,
				83692E7D2193A2AA00B49BE2 /* Resources */,
			);
			buildRules = (
			);
			dependencies = (
			);
			name = tabpar;
			productName = tabpar;
			productReference = 83692E7F2193A2AA00B49BE2 /* tabpar.app */;
			productType = "com.apple.product-type.application";
		};
/* End PBXNativeTarget section */

/* Begin PBXProject section */
		83692E772193A2A900B49BE2 /* Project object */ = {
			isa = PBXProject;
			attributes = {
				LastSwiftUpdateCheck = 0900;
				LastUpgradeCheck = 0900;
				ORGANIZATIONNAME = "Ahmed abu elregal";
				TargetAttributes = {
					83692E7E2193A2AA00B49BE2 = {
						CreatedOnToolsVersion = 9.0;
						ProvisioningStyle = Automatic;
					};
				};
			};
			buildConfigurationList = 83692E7A2193A2A900B49BE2 /* Build configuration list for PBXProject "tabpar" */;
			compatibilityVersion = "Xcode 8.0";
			developmentRegion = en;
			hasScannedForEncodings = 0;
			knownRegions = (
				en,
				Base,
			);
			mainGroup = 83692E762193A2A900B49BE2;
			productRefGroup = 83692E802193A2AA00B49BE2 /* Products */;
			projectDirPath = "";
			projectRoot = "";
			targets = (
				83692E7E2193A2AA00B49BE2 /* tabpar */,
			);
		};
/* End PBXProject section */

/* Begin PBXResourcesBuildPhase section */
		83692E7D2193A2AA00B49BE2 /* Resources */ = {
			isa = PBXResourcesBuildPhase;
			buildActionMask = 2147483647;
			files = (
				83692E8D2193A2AA00B49BE2 /* LaunchScreen.storyboard in Resources */,
				83692E8A2193A2AA00B49BE2 /* Assets.xcassets in Resources */,
				83692E882193A2AA00B49BE2 /* Main.storyboard in Resources */,
			);
			runOnlyForDeploymentPostprocessing = 0;
		};
/* End PBXResourcesBuildPhase section */

/* Begin PBXSourcesBuildPhase section */
		83692E7B2193A2AA00B49BE2 /* Sources */ = {
			isa = PBXSourcesBuildPhase;
			buildActionMask = 2147483647;
			files = (
				83692E9B2193A70500B49BE2 /* SourceViewController.swift in Sources */,
				83692E992193A6EF00B49BE2 /* MedicalViewController.swift in Sources */,
				83692E952193A6C800B49BE2 /* TodayViewController.swift in Sources */,
				83692E972193A6DD00B49BE2 /* HealthViewController.swift in Sources */,
				83692E832193A2AA00B49BE2 /* AppDelegate.swift in Sources */,
			);
			runOnlyForDeploymentPostprocessing = 0;
		};
/* End PBXSourcesBuildPhase section */

/* Begin PBXVariantGroup section */
		83692E862193A2AA00B49BE2 /* Main.storyboard */ = {
			isa = PBXVariantGroup;
			children = (
				83692E872193A2AA00B49BE2 /* Base */,
			);
			name = Main.storyboard;
			sourceTree = "<group>";
		};
		83692E8B2193A2AA00B49BE2 /* LaunchScreen.storyboard */ = {
			isa = PBXVariantGroup;
			children = (
				83692E8C2193A2AA00B49BE2 /* Base */,
			);
			name = LaunchScreen.storyboard;
			sourceTree = "<group>";
		};
/* End PBXVariantGroup section */

/* Begin XCBuildConfiguration section */
		83692E8F2193A2AA00B49BE2 /* Debug */ = {
			isa = XCBuildConfiguration;
			buildSettings = {
				ALWAYS_SEARCH_USER_PATHS = NO;
				CLANG_ANALYZER_NONNULL = YES;
				CLANG_ANALYZER_NUMBER_OBJECT_CONVERSION = YES_AGGRESSIVE;
				CLANG_CXX_LANGUAGE_STANDARD = "gnu++14";
				CLANG_CXX_LIBRARY = "libc++";
				CLANG_ENABLE_MODULES = YES;
				CLANG_ENABLE_OBJC_ARC = YES;
				CLANG_WARN_BLOCK_CAPTURE_AUTORELEASING = YES;
				CLANG_WARN_BOOL_CONVERSION = YES;
				CLANG_WARN_COMMA = YES;
				CLANG_WARN_CONSTANT_CONVERSION = YES;
				CLANG_WARN_DIRECT_OBJC_ISA_USAGE = YES_ERROR;
				CLANG_WARN_DOCUMENTATION_COMMENTS = YES;
				CLANG_WARN_EMPTY_BODY = YES;
				CLANG_WARN_ENUM_CONVERSION = YES;
				CLANG_WARN_INFINITE_RECURSION = YES;
				CLANG_WARN_INT_CONVERSION = YES;
				CLANG_WARN_NON_LITERAL_NULL_CONVERSION = YES;
				CLANG_WARN_OBJC_LITERAL_CONVERSION = YES;
				CLANG_WARN_OBJC_ROOT_CLASS = YES_ERROR;
				CLANG_WARN_RANGE_LOOP_ANALYSIS = YES;
				CLANG_WARN_STRICT_PROTOTYPES = YES;
				CLANG_WARN_SUSPICIOUS_MOVE = YES;
				CLANG_WARN_UNGUARDED_AVAILABILITY = YES_AGGRESSIVE;
				CLANG_WARN_UNREACHABLE_CODE = YES;
				CLANG_WARN__DUPLICATE_METHOD_MATCH = YES;
				CODE_SIGN_IDENTITY = "iPhone Developer";
				COPY_PHASE_STRIP = NO;
				DEBUG_INFORMATION_FORMAT = dwarf;
				ENABLE_STRICT_OBJC_MSGSEND = YES;
				ENABLE_TESTABILITY = YES;
				GCC_C_LANGUAGE_STANDARD = gnu11;
				GCC_DYNAMIC_NO_PIC = NO;
				GCC_NO_COMMON_BLOCKS = YES;
				GCC_OPTIMIZATION_LEVEL = 0;
				GCC_PREPROCESSOR_DEFINITIONS = (
					"DEBUG=1",
					"$(inherited)",
				);
				GCC_WARN_64_TO_32_BIT_CONVERSION = YES;
				GCC_WARN_ABOUT_RETURN_TYPE = YES_ERROR;
				GCC_WARN_UNDECLARED_SELECTOR = YES;
				GCC_WARN_UNINITIALIZED_AUTOS = YES_AGGRESSIVE;
				GCC_WARN_UNUSED_FUNCTION = YES;
				GCC_WARN_UNUSED_VARIABLE = YES;
				IPHONEOS_DEPLOYMENT_TARGET = 11.0;
				MTL_ENABLE_DEBUG_INFO = YES;
				ONLY_ACTIVE_ARCH = YES;
				SDKROOT = iphoneos;
				SWIFT_ACTIVE_COMPILATION_CONDITIONS = DEBUG;
				SWIFT_OPTIMIZATION_LEVEL = "-Onone";
			};
			name = Debug;
		};
		83692E902193A2AA00B49BE2 /* Release */ = {
			isa = XCBuildConfiguration;
			buildSettings = {
				ALWAYS_SEARCH_USER_PATHS = NO;
				CLANG_ANALYZER_NONNULL = YES;
				CLANG_ANALYZER_NUMBER_OBJECT_CONVERSION = YES_AGGRESSIVE;
				CLANG_CXX_LANGUAGE_STANDARD = "gnu++14";
				CLANG_CXX_LIBRARY = "libc++";
				CLANG_ENABLE_MODULES = YES;
				CLANG_ENABLE_OBJC_ARC = YES;
				CLANG_WARN_BLOCK_CAPTURE_AUTORELEASING = YES;
				CLANG_WARN_BOOL_CONVERSION = YES;
				CLANG_WARN_COMMA = YES;
				CLANG_WARN_CONSTANT_CONVERSION = YES;
				CLANG_WARN_DIRECT_OBJC_ISA_USAGE = YES_ERROR;
				CLANG_WARN_DOCUMENTATION_COMMENTS = YES;
				CLANG_WARN_EMPTY_BODY = YES;
				CLANG_WARN_ENUM_CONVERSION = YES;
				CLANG_WARN_INFINITE_RECURSION = YES;
				CLANG_WARN_INT_CONVERSION = YES;
				CLANG_WARN_NON_LITERAL_NULL_CONVERSION = YES;
				CLANG_WARN_OBJC_LITERAL_CONVERSION = YES;
				CLANG_WARN_OBJC_ROOT_CLASS = YES_ERROR;
				CLANG_WARN_RANGE_LOOP_ANALYSIS = YES;
				CLANG_WARN_STRICT_PROTOTYPES = YES;
				CLANG_WARN_SUSPICIOUS_MOVE = YES;
				CLANG_WARN_UNGUARDED_AVAILABILITY = YES_AGGRESSIVE;
				CLANG_WARN_UNREACHABLE_CODE = YES;
				CLANG_WARN__DUPLICATE_METHOD_MATCH = YES;
				CODE_SIGN_IDENTITY = "iPhone Developer";
				COPY_PHASE_STRIP = NO;
				DEBUG_INFORMATION_FORMAT = "dwarf-with-dsym";
				ENABLE_NS_ASSERTIONS = NO;
				ENABLE_STRICT_OBJC_MSGSEND = YES;
				GCC_C_LANGUAGE_STANDARD = gnu11;
				GCC_NO_COMMON_BLOCKS = YES;
				GCC_WARN_64_TO_32_BIT_CONVERSION = YES;
				GCC_WARN_ABOUT_RETURN_TYPE = YES_ERROR;
				GCC_WARN_UNDECLARED_SELECTOR = YES;
				GCC_WARN_UNINITIALIZED_AUTOS = YES_AGGRESSIVE;
				GCC_WARN_UNUSED_FUNCTION = YES;
				GCC_WARN_UNUSED_VARIABLE = YES;
				IPHONEOS_DEPLOYMENT_TARGET = 11.0;
				MTL_ENABLE_DEBUG_INFO = NO;
				SDKROOT = iphoneos;
				SWIFT_OPTIMIZATION_LEVEL = "-Owholemodule";
				VALIDATE_PRODUCT = YES;
			};
			name = Release;
		};
		83692E922193A2AA00B49BE2 /* Debug */ = {
			isa = XCBuildConfiguration;
			buildSettings = {
				ASSETCATALOG_COMPILER_APPICON_NAME = AppIcon;
				CODE_SIGN_STYLE = Automatic;
				INFOPLIST_FILE = tabpar/Info.plist;
				LD_RUNPATH_SEARCH_PATHS = "$(inherited) @executable_path/Frameworks";
				PRODUCT_BUNDLE_IDENTIFIER = tabpar.tabpar;
				PRODUCT_NAME = "$(TARGET_NAME)";
				SWIFT_VERSION = 4.0;
				TARGETED_DEVICE_FAMILY = "1,2";
			};
			name = Debug;
		};
		83692E932193A2AA00B49BE2 /* Release */ = {
			isa = XCBuildConfiguration;
			buildSettings = {
				ASSETCATALOG_COMPILER_APPICON_NAME = AppIcon;
				CODE_SIGN_STYLE = Automatic;
				INFOPLIST_FILE = tabpar/Info.plist;
				LD_RUNPATH_SEARCH_PATHS = "$(inherited) @executable_path/Frameworks";
				PRODUCT_BUNDLE_IDENTIFIER = tabpar.tabpar;
				PRODUCT_NAME = "$(TARGET_NAME)";
				SWIFT_VERSION = 4.0;
				TARGETED_DEVICE_FAMILY = "1,2";
			};
			name = Release;
		};
/* End XCBuildConfiguration section */

/* Begin XCConfigurationList section */
		83692E7A2193A2A900B49BE2 /* Build configuration list for PBXProject "tabpar" */ = {
			isa = XCConfigurationList;
			buildConfigurations = (
				83692E8F2193A2AA00B49BE2 /* Debug */,
				83692E902193A2AA00B49BE2 /* Release */,
			);
			defaultConfigurationIsVisible = 0;
			defaultConfigurationName = Release;
		};
		83692E912193A2AA00B49BE2 /* Build configuration list for PBXNativeTarget "tabpar" */ = {
			isa = XCConfigurationList;
			buildConfigurations = (
				83692E922193A2AA00B49BE2 /* Debug */,
				83692E932193A2AA00B49BE2 /* Release */,
			);
			defaultConfigurationIsVisible = 0;
			defaultConfigurationName = Release;
		};
/* End XCConfigurationList section */
	};
	rootObject = 83692E772193A2A900B49BE2 /* Project object */;
}
